
Microsoft Visual Studio Solution File, Format Version 12.00
# Visual Studio 15
VisualStudioVersion = 15.0.27428.2015
MinimumVisualStudioVersion = 10.0.40219.1
Project("{00D1A9C2-B5F0-4AF3-8072-F6C62B433612}") = "DWH", "DWH\DWH.sqlproj", "{2975254A-8716-4BAA-8441-C6D2F93F07E6}"
EndProject
Global
	GlobalSection(SolutionConfigurationPlatforms) = preSolution
		Debug|Any CPU = Debug|Any CPU
		Release|Any CPU = Release|Any CPU
	EndGlobalSection
	GlobalSection(ProjectConfigurationPlatforms) = postSolution
		{2975254A-8716-4BAA-8441-C6D2F93F07E6}.Debug|Any CPU.ActiveCfg = Debug|Any CPU
		{2975254A-8716-4BAA-8441-C6D2F93F07E6}.Debug|Any CPU.Build.0 = Debug|Any CPU
		{2975254A-8716-4BAA-8441-C6D2F93F07E6}.Debug|Any CPU.Deploy.0 = Debug|Any CPU
		{2975254A-8716-4BAA-8441-C6D2F93F07E6}.Release|Any CPU.ActiveCfg = Release|Any CPU
		{2975254A-8716-4BAA-8441-C6D2F93F07E6}.Release|Any CPU.Build.0 = Release|Any CPU
		{2975254A-8716-4BAA-8441-C6D2F93F07E6}.Release|Any CPU.Deploy.0 = Release|Any CPU
	EndGlobalSection
	GlobalSection(SolutionProperties) = preSolution
		HideSolutionNode = FALSE
	EndGlobalSection
	GlobalSection(ExtensibilityGlobals) = postSolution
		SolutionGuid = {EE7CA792-B4B3-4984-BE4F-DB88E018D991}
	EndGlobalSection
EndGlobal
